// !$*UTF8*$!
{
	archiveVersion = 1;
	classes = {
	};
	objectVersion = 50;
	objects = {

/* Begin PBXBuildFile section */
		581FEC672545772800F32786 /* User.swift in Sources */ = {isa = PBXBuildFile; fileRef = 581FEC662545772800F32786 /* User.swift */; };
		581FEC6A2545777700F32786 /* Friend.swift in Sources */ = {isa = PBXBuildFile; fileRef = 581FEC692545777700F32786 /* Friend.swift */; };
		581FEC6D25459C3C00F32786 /* UserList.swift in Sources */ = {isa = PBXBuildFile; fileRef = 581FEC6C25459C3C00F32786 /* UserList.swift */; };
		58432D92254176C700ABD188 /* UsersAndFriendsApp.swift in Sources */ = {isa = PBXBuildFile; fileRef = 58432D91254176C700ABD188 /* UsersAndFriendsApp.swift */; };
		58432D94254176C700ABD188 /* ContentView.swift in Sources */ = {isa = PBXBuildFile; fileRef = 58432D93254176C700ABD188 /* ContentView.swift */; };
		58432D96254176C700ABD188 /* Assets.xcassets in Resources */ = {isa = PBXBuildFile; fileRef = 58432D95254176C700ABD188 /* Assets.xcassets */; };
		58432D99254176C700ABD188 /* Preview Assets.xcassets in Resources */ = {isa = PBXBuildFile; fileRef = 58432D98254176C700ABD188 /* Preview Assets.xcassets */; };
		5875E9A12549991100633407 /* UsersAndFriendsModel.xcdatamodeld in Sources */ = {isa = PBXBuildFile; fileRef = 5875E99F2549991100633407 /* UsersAndFriendsModel.xcdatamodeld */; };
		5875E9A425499A2300633407 /* Persistence.swift in Sources */ = {isa = PBXBuildFile; fileRef = 5875E9A325499A2300633407 /* Persistence.swift */; };
		58F3B96C2546CA6D0037AAA9 /* UserRow.swift in Sources */ = {isa = PBXBuildFile; fileRef = 58F3B96B2546CA6D0037AAA9 /* UserRow.swift */; };
		58F3B96F2546CCA90037AAA9 /* UserDetail.swift in Sources */ = {isa = PBXBuildFile; fileRef = 58F3B96E2546CCA90037AAA9 /* UserDetail.swift */; };
/* End PBXBuildFile section */

/* Begin PBXFileReference section */
		581FEC662545772800F32786 /* User.swift */ = {isa = PBXFileReference; lastKnownFileType = sourcecode.swift; path = User.swift; sourceTree = "<group>"; };
		581FEC692545777700F32786 /* Friend.swift */ = {isa = PBXFileReference; lastKnownFileType = sourcecode.swift; path = Friend.swift; sourceTree = "<group>"; };
		581FEC6C25459C3C00F32786 /* UserList.swift */ = {isa = PBXFileReference; lastKnownFileType = sourcecode.swift; path = UserList.swift; sourceTree = "<group>"; };
		58432D8E254176C700ABD188 /* UsersAndFriends.app */ = {isa = PBXFileReference; explicitFileType = wrapper.application; includeInIndex = 0; path = UsersAndFriends.app; sourceTree = BUILT_PRODUCTS_DIR; };
		58432D91254176C700ABD188 /* UsersAndFriendsApp.swift */ = {isa = PBXFileReference; lastKnownFileType = sourcecode.swift; path = UsersAndFriendsApp.swift; sourceTree = "<group>"; };
		58432D93254176C700ABD188 /* ContentView.swift */ = {isa = PBXFileReference; lastKnownFileType = sourcecode.swift; path = ContentView.swift; sourceTree = "<group>"; };
		58432D95254176C700ABD188 /* Assets.xcassets */ = {isa = PBXFileReference; lastKnownFileType = folder.assetcatalog; path = Assets.xcassets; sourceTree = "<group>"; };
		58432D98254176C700ABD188 /* Preview Assets.xcassets */ = {isa = PBXFileReference; lastKnownFileType = folder.assetcatalog; path = "Preview Assets.xcassets"; sourceTree = "<group>"; };
		58432D9A254176C700ABD188 /* Info.plist */ = {isa = PBXFileReference; lastKnownFileType = text.plist.xml; path = Info.plist; sourceTree = "<group>"; };
		5875E9A02549991100633407 /* UsersAndFriendsModel.xcdatamodel */ = {isa = PBXFileReference; lastKnownFileType = wrapper.xcdatamodel; path = UsersAndFriendsModel.xcdatamodel; sourceTree = "<group>"; };
		5875E9A325499A2300633407 /* Persistence.swift */ = {isa = PBXFileReference; fileEncoding = 4; lastKnownFileType = sourcecode.swift; path = Persistence.swift; sourceTree = "<group>"; };
		58F3B96B2546CA6D0037AAA9 /* UserRow.swift */ = {isa = PBXFileReference; lastKnownFileType = sourcecode.swift; path = UserRow.swift; sourceTree = "<group>"; };
		58F3B96E2546CCA90037AAA9 /* UserDetail.swift */ = {isa = PBXFileReference; lastKnownFileType = sourcecode.swift; path = UserDetail.swift; sourceTree = "<group>"; };
/* End PBXFileReference section */

/* Begin PBXFrameworksBuildPhase section */
		58432D8B254176C700ABD188 /* Frameworks */ = {
			isa = PBXFrameworksBuildPhase;
			buildActionMask = 2147483647;
			files = (
			);
			runOnlyForDeploymentPostprocessing = 0;
		};
/* End PBXFrameworksBuildPhase section */

/* Begin PBXGroup section */
		58432D85254176C600ABD188 = {
			isa = PBXGroup;
			children = (
				58432D90254176C700ABD188 /* UsersAndFriends */,
				58432D8F254176C700ABD188 /* Products */,
			);
			sourceTree = "<group>";
		};
		58432D8F254176C700ABD188 /* Products */ = {
			isa = PBXGroup;
			children = (
				58432D8E254176C700ABD188 /* UsersAndFriends.app */,
			);
			name = Products;
			sourceTree = "<group>";
		};
		58432D90254176C700ABD188 /* UsersAndFriends */ = {
			isa = PBXGroup;
			children = (
				58432D91254176C700ABD188 /* UsersAndFriendsApp.swift */,
				58432D93254176C700ABD188 /* ContentView.swift */,
				58432D95254176C700ABD188 /* Assets.xcassets */,
				58432D9A254176C700ABD188 /* Info.plist */,
				58432D97254176C700ABD188 /* Preview Content */,
				581FEC662545772800F32786 /* User.swift */,
				581FEC6C25459C3C00F32786 /* UserList.swift */,
				58F3B96B2546CA6D0037AAA9 /* UserRow.swift */,
				58F3B96E2546CCA90037AAA9 /* UserDetail.swift */,
				581FEC692545777700F32786 /* Friend.swift */,
				5875E99F2549991100633407 /* UsersAndFriendsModel.xcdatamodeld */,
				5875E9A325499A2300633407 /* Persistence.swift */,
			);
			path = UsersAndFriends;
			sourceTree = "<group>";
		};
		58432D97254176C700ABD188 /* Preview Content */ = {
			isa = PBXGroup;
			children = (
				58432D98254176C700ABD188 /* Preview Assets.xcassets */,
			);
			path = "Preview Content";
			sourceTree = "<group>";
		};
/* End PBXGroup section */

/* Begin PBXNativeTarget section */
		58432D8D254176C700ABD188 /* UsersAndFriends */ = {
			isa = PBXNativeTarget;
			buildConfigurationList = 58432D9D254176C700ABD188 /* Build configuration list for PBXNativeTarget "UsersAndFriends" */;
			buildPhases = (
				58432D8A254176C700ABD188 /* Sources */,
				58432D8B254176C700ABD188 /* Frameworks */,
				58432D8C254176C700ABD188 /* Resources */,
			);
			buildRules = (
			);
			dependencies = (
			);
			name = UsersAndFriends;
			productName = UsersAndFriends;
			productReference = 58432D8E254176C700ABD188 /* UsersAndFriends.app */;
			productType = "com.apple.product-type.application";
		};
/* End PBXNativeTarget section */

/* Begin PBXProject section */
		58432D86254176C600ABD188 /* Project object */ = {
			isa = PBXProject;
			attributes = {
				LastSwiftUpdateCheck = 1210;
				LastUpgradeCheck = 1210;
				TargetAttributes = {
					58432D8D254176C700ABD188 = {
						CreatedOnToolsVersion = 12.1;
					};
				};
			};
			buildConfigurationList = 58432D89254176C700ABD188 /* Build configuration list for PBXProject "UsersAndFriends" */;
			compatibilityVersion = "Xcode 9.3";
			developmentRegion = en;
			hasScannedForEncodings = 0;
			knownRegions = (
				en,
				Base,
			);
			mainGroup = 58432D85254176C600ABD188;
			productRefGroup = 58432D8F254176C700ABD188 /* Products */;
			projectDirPath = "";
			projectRoot = "";
			targets = (
				58432D8D254176C700ABD188 /* UsersAndFriends */,
			);
		};
/* End PBXProject section */

/* Begin PBXResourcesBuildPhase section */
		58432D8C254176C700ABD188 /* Resources */ = {
			isa = PBXResourcesBuildPhase;
			buildActionMask = 2147483647;
			files = (
				58432D99254176C700ABD188 /* Preview Assets.xcassets in Resources */,
				58432D96254176C700ABD188 /* Assets.xcassets in Resources */,
			);
			runOnlyForDeploymentPostprocessing = 0;
		};
/* End PBXResourcesBuildPhase section */

/* Begin PBXSourcesBuildPhase section */
		58432D8A254176C700ABD188 /* Sources */ = {
			isa = PBXSourcesBuildPhase;
			buildActionMask = 2147483647;
			files = (
				5875E9A425499A2300633407 /* Persistence.swift in Sources */,
				581FEC6D25459C3C00F32786 /* UserList.swift in Sources */,
				58F3B96F2546CCA90037AAA9 /* UserDetail.swift in Sources */,
				58432D94254176C700ABD188 /* ContentView.swift in Sources */,
				58432D92254176C700ABD188 /* UsersAndFriendsApp.swift in Sources */,
				58F3B96C2546CA6D0037AAA9 /* UserRow.swift in Sources */,
				581FEC672545772800F32786 /* User.swift in Sources */,
				5875E9A12549991100633407 /* UsersAndFriendsModel.xcdatamodeld in Sources */,
				581FEC6A2545777700F32786 /* Friend.swift in Sources */,
			);
			runOnlyForDeploymentPostprocessing = 0;
		};
/* End PBXSourcesBuildPhase section */

/* Begin XCBuildConfiguration section */
		58432D9B254176C700ABD188 /* Debug */ = {
			isa = XCBuildConfiguration;
			buildSettings = {
				ALWAYS_SEARCH_USER_PATHS = NO;
				CLANG_ANALYZER_NONNULL = YES;
				CLANG_ANALYZER_NUMBER_OBJECT_CONVERSION = YES_AGGRESSIVE;
				CLANG_CXX_LANGUAGE_STANDARD = "gnu++14";
				CLANG_CXX_LIBRARY = "libc++";
				CLANG_ENABLE_MODULES = YES;
				CLANG_ENABLE_OBJC_ARC = YES;
				CLANG_ENABLE_OBJC_WEAK = YES;
				CLANG_WARN_BLOCK_CAPTURE_AUTORELEASING = YES;
				CLANG_WARN_BOOL_CONVERSION = YES;
				CLANG_WARN_COMMA = YES;
				CLANG_WARN_CONSTANT_CONVERSION = YES;
				CLANG_WARN_DEPRECATED_OBJC_IMPLEMENTATIONS = YES;
				CLANG_WARN_DIRECT_OBJC_ISA_USAGE = YES_ERROR;
				CLANG_WARN_DOCUMENTATION_COMMENTS = YES;
				CLANG_WARN_EMPTY_BODY = YES;
				CLANG_WARN_ENUM_CONVERSION = YES;
				CLANG_WARN_INFINITE_RECURSION = YES;
				CLANG_WARN_INT_CONVERSION = YES;
				CLANG_WARN_NON_LITERAL_NULL_CONVERSION = YES;
				CLANG_WARN_OBJC_IMPLICIT_RETAIN_SELF = YES;
				CLANG_WARN_OBJC_LITERAL_CONVERSION = YES;
				CLANG_WARN_OBJC_ROOT_CLASS = YES_ERROR;
				CLANG_WARN_QUOTED_INCLUDE_IN_FRAMEWORK_HEADER = YES;
				CLANG_WARN_RANGE_LOOP_ANALYSIS = YES;
				CLANG_WARN_STRICT_PROTOTYPES = YES;
				CLANG_WARN_SUSPICIOUS_MOVE = YES;
				CLANG_WARN_UNGUARDED_AVAILABILITY = YES_AGGRESSIVE;
				CLANG_WARN_UNREACHABLE_CODE = YES;
				CLANG_WARN__DUPLICATE_METHOD_MATCH = YES;
				COPY_PHASE_STRIP = NO;
				DEBUG_INFORMATION_FORMAT = dwarf;
				ENABLE_STRICT_OBJC_MSGSEND = YES;
				ENABLE_TESTABILITY = YES;
				GCC_C_LANGUAGE_STANDARD = gnu11;
				GCC_DYNAMIC_NO_PIC = NO;
				GCC_NO_COMMON_BLOCKS = YES;
				GCC_OPTIMIZATION_LEVEL = 0;
				GCC_PREPROCESSOR_DEFINITIONS = (
					"DEBUG=1",
					"$(inherited)",
				);
				GCC_WARN_64_TO_32_BIT_CONVERSION = YES;
				GCC_WARN_ABOUT_RETURN_TYPE = YES_ERROR;
				GCC_WARN_UNDECLARED_SELECTOR = YES;
				GCC_WARN_UNINITIALIZED_AUTOS = YES_AGGRESSIVE;
				GCC_WARN_UNUSED_FUNCTION = YES;
				GCC_WARN_UNUSED_VARIABLE = YES;
				IPHONEOS_DEPLOYMENT_TARGET = 14.1;
				MTL_ENABLE_DEBUG_INFO = INCLUDE_SOURCE;
				MTL_FAST_MATH = YES;
				ONLY_ACTIVE_ARCH = YES;
				SDKROOT = iphoneos;
				SWIFT_ACTIVE_COMPILATION_CONDITIONS = DEBUG;
				SWIFT_OPTIMIZATION_LEVEL = "-Onone";
			};
			name = Debug;
		};
		58432D9C254176C700ABD188 /* Release */ = {
			isa = XCBuildConfiguration;
			buildSettings = {
				ALWAYS_SEARCH_USER_PATHS = NO;
				CLANG_ANALYZER_NONNULL = YES;
				CLANG_ANALYZER_NUMBER_OBJECT_CONVERSION = YES_AGGRESSIVE;
				CLANG_CXX_LANGUAGE_STANDARD = "gnu++14";
				CLANG_CXX_LIBRARY = "libc++";
				CLANG_ENABLE_MODULES = YES;
				CLANG_ENABLE_OBJC_ARC = YES;
				CLANG_ENABLE_OBJC_WEAK = YES;
				CLANG_WARN_BLOCK_CAPTURE_AUTORELEASING = YES;
				CLANG_WARN_BOOL_CONVERSION = YES;
				CLANG_WARN_COMMA = YES;
				CLANG_WARN_CONSTANT_CONVERSION = YES;
				CLANG_WARN_DEPRECATED_OBJC_IMPLEMENTATIONS = YES;
				CLANG_WARN_DIRECT_OBJC_ISA_USAGE = YES_ERROR;
				CLANG_WARN_DOCUMENTATION_COMMENTS = YES;
				CLANG_WARN_EMPTY_BODY = YES;
				CLANG_WARN_ENUM_CONVERSION = YES;
				CLANG_WARN_INFINITE_RECURSION = YES;
				CLANG_WARN_INT_CONVERSION = YES;
				CLANG_WARN_NON_LITERAL_NULL_CONVERSION = YES;
				CLANG_WARN_OBJC_IMPLICIT_RETAIN_SELF = YES;
				CLANG_WARN_OBJC_LITERAL_CONVERSION = YES;
				CLANG_WARN_OBJC_ROOT_CLASS = YES_ERROR;
				CLANG_WARN_QUOTED_INCLUDE_IN_FRAMEWORK_HEADER = YES;
				CLANG_WARN_RANGE_LOOP_ANALYSIS = YES;
				CLANG_WARN_STRICT_PROTOTYPES = YES;
				CLANG_WARN_SUSPICIOUS_MOVE = YES;
				CLANG_WARN_UNGUARDED_AVAILABILITY = YES_AGGRESSIVE;
				CLANG_WARN_UNREACHABLE_CODE = YES;
				CLANG_WARN__DUPLICATE_METHOD_MATCH = YES;
				COPY_PHASE_STRIP = NO;
				DEBUG_INFORMATION_FORMAT = "dwarf-with-dsym";
				ENABLE_NS_ASSERTIONS = NO;
				ENABLE_STRICT_OBJC_MSGSEND = YES;
				GCC_C_LANGUAGE_STANDARD = gnu11;
				GCC_NO_COMMON_BLOCKS = YES;
				GCC_WARN_64_TO_32_BIT_CONVERSION = YES;
				GCC_WARN_ABOUT_RETURN_TYPE = YES_ERROR;
				GCC_WARN_UNDECLARED_SELECTOR = YES;
				GCC_WARN_UNINITIALIZED_AUTOS = YES_AGGRESSIVE;
				GCC_WARN_UNUSED_FUNCTION = YES;
				GCC_WARN_UNUSED_VARIABLE = YES;
				IPHONEOS_DEPLOYMENT_TARGET = 14.1;
				MTL_ENABLE_DEBUG_INFO = NO;
				MTL_FAST_MATH = YES;
				SDKROOT = iphoneos;
				SWIFT_COMPILATION_MODE = wholemodule;
				SWIFT_OPTIMIZATION_LEVEL = "-O";
				VALIDATE_PRODUCT = YES;
			};
			name = Release;
		};
		58432D9E254176C700ABD188 /* Debug */ = {
			isa = XCBuildConfiguration;
			buildSettings = {
				ASSETCATALOG_COMPILER_APPICON_NAME = AppIcon;
				ASSETCATALOG_COMPILER_GLOBAL_ACCENT_COLOR_NAME = AccentColor;
				CODE_SIGN_STYLE = Automatic;
				DEVELOPMENT_ASSET_PATHS = "\"UsersAndFriends/Preview Content\"";
				DEVELOPMENT_TEAM = 2N6ZS9C95T;
				ENABLE_PREVIEWS = YES;
				INFOPLIST_FILE = UsersAndFriends/Info.plist;
				IPHONEOS_DEPLOYMENT_TARGET = 14.0;
				LD_RUNPATH_SEARCH_PATHS = (
					"$(inherited)",
					"@executable_path/Frameworks",
				);
				PRODUCT_BUNDLE_IDENTIFIER = me.houghton.paul.UsersAndFriends;
				PRODUCT_NAME = "$(TARGET_NAME)";
				SWIFT_VERSION = 5.0;
				TARGETED_DEVICE_FAMILY = "1,2";
			};
			name = Debug;
		};
		58432D9F254176C700ABD188 /* Release */ = {
			isa = XCBuildConfiguration;
			buildSettings = {
				ASSETCATALOG_COMPILER_APPICON_NAME = AppIcon;
				ASSETCATALOG_COMPILER_GLOBAL_ACCENT_COLOR_NAME = AccentColor;
				CODE_SIGN_STYLE = Automatic;
				DEVELOPMENT_ASSET_PATHS = "\"UsersAndFriends/Preview Content\"";
				DEVELOPMENT_TEAM = 2N6ZS9C95T;
				ENABLE_PREVIEWS = YES;
				INFOPLIST_FILE = UsersAndFriends/Info.plist;
				IPHONEOS_DEPLOYMENT_TARGET = 14.0;
				LD_RUNPATH_SEARCH_PATHS = (
					"$(inherited)",
					"@executable_path/Frameworks",
				);
				PRODUCT_BUNDLE_IDENTIFIER = me.houghton.paul.UsersAndFriends;
				PRODUCT_NAME = "$(TARGET_NAME)";
				SWIFT_VERSION = 5.0;
				TARGETED_DEVICE_FAMILY = "1,2";
			};
			name = Release;
		};
/* End XCBuildConfiguration section */

/* Begin XCConfigurationList section */
		58432D89254176C700ABD188 /* Build configuration list for PBXProject "UsersAndFriends" */ = {
			isa = XCConfigurationList;
			buildConfigurations = (
				58432D9B254176C700ABD188 /* Debug */,
				58432D9C254176C700ABD188 /* Release */,
			);
			defaultConfigurationIsVisible = 0;
			defaultConfigurationName = Release;
		};
		58432D9D254176C700ABD188 /* Build configuration list for PBXNativeTarget "UsersAndFriends" */ = {
			isa = XCConfigurationList;
			buildConfigurations = (
				58432D9E254176C700ABD188 /* Debug */,
				58432D9F254176C700ABD188 /* Release */,
			);
			defaultConfigurationIsVisible = 0;
			defaultConfigurationName = Release;
		};
/* End XCConfigurationList section */

/* Begin XCVersionGroup section */
		5875E99F2549991100633407 /* UsersAndFriendsModel.xcdatamodeld */ = {
			isa = XCVersionGroup;
			children = (
				5875E9A02549991100633407 /* UsersAndFriendsModel.xcdatamodel */,
			);
			currentVersion = 5875E9A02549991100633407 /* UsersAndFriendsModel.xcdatamodel */;
			path = UsersAndFriendsModel.xcdatamodeld;
			sourceTree = "<group>";
			versionGroupType = wrapper.xcdatamodel;
		};
/* End XCVersionGroup section */
	};
	rootObject = 58432D86254176C600ABD188 /* Project object */;
}
